
Microsoft Visual Studio Solution File, Format Version 12.00
# Visual Studio Version 17
VisualStudioVersion = 17.7.34031.279
MinimumVisualStudioVersion = 10.0.40219.1
Project("{FAE04EC0-301F-11D3-BF4B-00C04F79EFBC}") = "MyApp.UI", "MyApp.UI\MyApp.UI.csproj", "{AB0ABE8C-32F8-4EBF-9E9D-B00A4CCE8E71}"
EndProject
Global
	GlobalSection(SolutionConfigurationPlatforms) = preSolution
		Debug|Any CPU = Debug|Any CPU
		Release|Any CPU = Release|Any CPU
	EndGlobalSection
	GlobalSection(ProjectConfigurationPlatforms) = postSolution
		{AB0ABE8C-32F8-4EBF-9E9D-B00A4CCE8E71}.Debug|Any CPU.ActiveCfg = Debug|Any CPU
		{AB0ABE8C-32F8-4EBF-9E9D-B00A4CCE8E71}.Debug|Any CPU.Build.0 = Debug|Any CPU
		{AB0ABE8C-32F8-4EBF-9E9D-B00A4CCE8E71}.Release|Any CPU.ActiveCfg = Release|Any CPU
		{AB0ABE8C-32F8-4EBF-9E9D-B00A4CCE8E71}.Release|Any CPU.Build.0 = Release|Any CPU
	EndGlobalSection
	GlobalSection(SolutionProperties) = preSolution
		HideSolutionNode = FALSE
	EndGlobalSection
	GlobalSection(ExtensibilityGlobals) = postSolution
		SolutionGuid = {EFC72C33-326C-4276-BB75-50F1BD019D01}
	EndGlobalSection
EndGlobal
